
Microsoft Visual Studio Solution File, Format Version 12.00
# Visual Studio Version 16
VisualStudioVersion = 16.0.31005.135
MinimumVisualStudioVersion = 10.0.40219.1
Project("{FAE04EC0-301F-11D3-BF4B-00C04F79EFBC}") = "excel", "excel\excel.csproj", "{0DA855A7-BFF4-4BB7-8ED1-28A9BA76FA37}"
EndProject
Global
	GlobalSection(SolutionConfigurationPlatforms) = preSolution
		Debug|Any CPU = Debug|Any CPU
		Release|Any CPU = Release|Any CPU
	EndGlobalSection
	GlobalSection(ProjectConfigurationPlatforms) = postSolution
		{0DA855A7-BFF4-4BB7-8ED1-28A9BA76FA37}.Debug|Any CPU.ActiveCfg = Debug|Any CPU
		{0DA855A7-BFF4-4BB7-8ED1-28A9BA76FA37}.Debug|Any CPU.Build.0 = Debug|Any CPU
		{0DA855A7-BFF4-4BB7-8ED1-28A9BA76FA37}.Release|Any CPU.ActiveCfg = Release|Any CPU
		{0DA855A7-BFF4-4BB7-8ED1-28A9BA76FA37}.Release|Any CPU.Build.0 = Release|Any CPU
	EndGlobalSection
	GlobalSection(SolutionProperties) = preSolution
		HideSolutionNode = FALSE
	EndGlobalSection
	GlobalSection(ExtensibilityGlobals) = postSolution
		SolutionGuid = {14719F33-692A-4886-ADDF-48174553E544}
	EndGlobalSection
EndGlobal
