
Microsoft Visual Studio Solution File, Format Version 12.00
# Visual Studio Version 16
VisualStudioVersion = 16.0.31005.135
MinimumVisualStudioVersion = 10.0.40219.1
Project("{FAE04EC0-301F-11D3-BF4B-00C04F79EFBC}") = "webszolgaltatas", "webszolgaltatas\webszolgaltatas.csproj", "{66EAF93F-9F5E-4F8F-AE76-4B0348D392B9}"
EndProject
Global
	GlobalSection(SolutionConfigurationPlatforms) = preSolution
		Debug|Any CPU = Debug|Any CPU
		Release|Any CPU = Release|Any CPU
	EndGlobalSection
	GlobalSection(ProjectConfigurationPlatforms) = postSolution
		{66EAF93F-9F5E-4F8F-AE76-4B0348D392B9}.Debug|Any CPU.ActiveCfg = Debug|Any CPU
		{66EAF93F-9F5E-4F8F-AE76-4B0348D392B9}.Debug|Any CPU.Build.0 = Debug|Any CPU
		{66EAF93F-9F5E-4F8F-AE76-4B0348D392B9}.Release|Any CPU.ActiveCfg = Release|Any CPU
		{66EAF93F-9F5E-4F8F-AE76-4B0348D392B9}.Release|Any CPU.Build.0 = Release|Any CPU
	EndGlobalSection
	GlobalSection(SolutionProperties) = preSolution
		HideSolutionNode = FALSE
	EndGlobalSection
	GlobalSection(ExtensibilityGlobals) = postSolution
		SolutionGuid = {C9A605D8-9041-441C-B280-E9A4528DF866}
	EndGlobalSection
EndGlobal
